
Microsoft Visual Studio Solution File, Format Version 12.00
# Visual Studio Version 16
VisualStudioVersion = 16.0.31515.178
MinimumVisualStudioVersion = 10.0.40219.1
Project("{FAE04EC0-301F-11D3-BF4B-00C04F79EFBC}") = "razdolbaizer_3000", "razdolbaizer_3000.csproj", "{A9FF3099-EDEB-46C2-9A68-4B121AE1480C}"
EndProject
Global
	GlobalSection(SolutionConfigurationPlatforms) = preSolution
		Debug|Any CPU = Debug|Any CPU
		Release|Any CPU = Release|Any CPU
	EndGlobalSection
	GlobalSection(ProjectConfigurationPlatforms) = postSolution
		{A9FF3099-EDEB-46C2-9A68-4B121AE1480C}.Debug|Any CPU.ActiveCfg = Debug|Any CPU
		{A9FF3099-EDEB-46C2-9A68-4B121AE1480C}.Debug|Any CPU.Build.0 = Debug|Any CPU
		{A9FF3099-EDEB-46C2-9A68-4B121AE1480C}.Release|Any CPU.ActiveCfg = Release|Any CPU
		{A9FF3099-EDEB-46C2-9A68-4B121AE1480C}.Release|Any CPU.Build.0 = Release|Any CPU
	EndGlobalSection
	GlobalSection(SolutionProperties) = preSolution
		HideSolutionNode = FALSE
	EndGlobalSection
	GlobalSection(ExtensibilityGlobals) = postSolution
		SolutionGuid = {290934DC-8A6A-43F3-BB07-0E97549570E4}
	EndGlobalSection
EndGlobal
